
Microsoft Visual Studio Solution File, Format Version 12.00
# Visual Studio Version 17
VisualStudioVersion = 17.0.31903.59
MinimumVisualStudioVersion = 10.0.40219.1
Project("{2150E333-8FDC-42A3-9474-1A3956D46DE8}") = "src", "src", "{827E0CD3-B72D-47B6-A68D-7590B98EB39B}"
EndProject
Project("{FAE04EC0-301F-11D3-BF4B-00C04F79EFBC}") = "FfxiMacros.Core", "src\FfxiMacros.Core\FfxiMacros.Core.csproj", "{7AABDD8E-1C63-4F64-9416-7AA99DFA6ABA}"
EndProject
Project("{FAE04EC0-301F-11D3-BF4B-00C04F79EFBC}") = "FfxiMacros.Cli", "src\FfxiMacros.Cli\FfxiMacros.Cli.csproj", "{18B3243F-D538-450D-BF07-E86CDCF50C8D}"
EndProject
Project("{2150E333-8FDC-42A3-9474-1A3956D46DE8}") = "tests", "tests", "{0AB3BF05-4346-4AA6-1389-037BE0695223}"
EndProject
Project("{FAE04EC0-301F-11D3-BF4B-00C04F79EFBC}") = "FfxiMacros.Tests", "tests\FfxiMacros.Tests\FfxiMacros.Tests.csproj", "{84FF1D27-CFE8-4995-8C0D-ABF9465BFB31}"
EndProject
Project("{FAE04EC0-301F-11D3-BF4B-00C04F79EFBC}") = "FfxiMacros.App", "src\FfxiMacros.App\FfxiMacros.App.csproj", "{94640CB2-BF9F-47DC-B22B-92E49450248B}"
EndProject
Global
	GlobalSection(SolutionConfigurationPlatforms) = preSolution
		Debug|Any CPU = Debug|Any CPU
		Debug|x64 = Debug|x64
		Debug|x86 = Debug|x86
		Release|Any CPU = Release|Any CPU
		Release|x64 = Release|x64
		Release|x86 = Release|x86
	EndGlobalSection
	GlobalSection(ProjectConfigurationPlatforms) = postSolution
		{7AABDD8E-1C63-4F64-9416-7AA99DFA6ABA}.Debug|Any CPU.ActiveCfg = Debug|Any CPU
		{7AABDD8E-1C63-4F64-9416-7AA99DFA6ABA}.Debug|Any CPU.Build.0 = Debug|Any CPU
		{7AABDD8E-1C63-4F64-9416-7AA99DFA6ABA}.Debug|x64.ActiveCfg = Debug|Any CPU
		{7AABDD8E-1C63-4F64-9416-7AA99DFA6ABA}.Debug|x64.Build.0 = Debug|Any CPU
		{7AABDD8E-1C63-4F64-9416-7AA99DFA6ABA}.Debug|x86.ActiveCfg = Debug|Any CPU
		{7AABDD8E-1C63-4F64-9416-7AA99DFA6ABA}.Debug|x86.Build.0 = Debug|Any CPU
		{7AABDD8E-1C63-4F64-9416-7AA99DFA6ABA}.Release|Any CPU.ActiveCfg = Release|Any CPU
		{7AABDD8E-1C63-4F64-9416-7AA99DFA6ABA}.Release|Any CPU.Build.0 = Release|Any CPU
		{7AABDD8E-1C63-4F64-9416-7AA99DFA6ABA}.Release|x64.ActiveCfg = Release|Any CPU
		{7AABDD8E-1C63-4F64-9416-7AA99DFA6ABA}.Release|x64.Build.0 = Release|Any CPU
		{7AABDD8E-1C63-4F64-9416-7AA99DFA6ABA}.Release|x86.ActiveCfg = Release|Any CPU
		{7AABDD8E-1C63-4F64-9416-7AA99DFA6ABA}.Release|x86.Build.0 = Release|Any CPU
		{18B3243F-D538-450D-BF07-E86CDCF50C8D}.Debug|Any CPU.ActiveCfg = Debug|Any CPU
		{18B3243F-D538-450D-BF07-E86CDCF50C8D}.Debug|Any CPU.Build.0 = Debug|Any CPU
		{18B3243F-D538-450D-BF07-E86CDCF50C8D}.Debug|x64.ActiveCfg = Debug|Any CPU
		{18B3243F-D538-450D-BF07-E86CDCF50C8D}.Debug|x64.Build.0 = Debug|Any CPU
		{18B3243F-D538-450D-BF07-E86CDCF50C8D}.Debug|x86.ActiveCfg = Debug|Any CPU
		{18B3243F-D538-450D-BF07-E86CDCF50C8D}.Debug|x86.Build.0 = Debug|Any CPU
		{18B3243F-D538-450D-BF07-E86CDCF50C8D}.Release|Any CPU.ActiveCfg = Release|Any CPU
		{18B3243F-D538-450D-BF07-E86CDCF50C8D}.Release|Any CPU.Build.0 = Release|Any CPU
		{18B3243F-D538-450D-BF07-E86CDCF50C8D}.Release|x64.ActiveCfg = Release|Any CPU
		{18B3243F-D538-450D-BF07-E86CDCF50C8D}.Release|x64.Build.0 = Release|Any CPU
		{18B3243F-D538-450D-BF07-E86CDCF50C8D}.Release|x86.ActiveCfg = Release|Any CPU
		{18B3243F-D538-450D-BF07-E86CDCF50C8D}.Release|x86.Build.0 = Release|Any CPU
		{84FF1D27-CFE8-4995-8C0D-ABF9465BFB31}.Debug|Any CPU.ActiveCfg = Debug|Any CPU
		{84FF1D27-CFE8-4995-8C0D-ABF9465BFB31}.Debug|Any CPU.Build.0 = Debug|Any CPU
		{84FF1D27-CFE8-4995-8C0D-ABF9465BFB31}.Debug|x64.ActiveCfg = Debug|Any CPU
		{84FF1D27-CFE8-4995-8C0D-ABF9465BFB31}.Debug|x64.Build.0 = Debug|Any CPU
		{84FF1D27-CFE8-4995-8C0D-ABF9465BFB31}.Debug|x86.ActiveCfg = Debug|Any CPU
		{84FF1D27-CFE8-4995-8C0D-ABF9465BFB31}.Debug|x86.Build.0 = Debug|Any CPU
		{84FF1D27-CFE8-4995-8C0D-ABF9465BFB31}.Release|Any CPU.ActiveCfg = Release|Any CPU
		{84FF1D27-CFE8-4995-8C0D-ABF9465BFB31}.Release|Any CPU.Build.0 = Release|Any CPU
		{84FF1D27-CFE8-4995-8C0D-ABF9465BFB31}.Release|x64.ActiveCfg = Release|Any CPU
		{84FF1D27-CFE8-4995-8C0D-ABF9465BFB31}.Release|x64.Build.0 = Release|Any CPU
		{84FF1D27-CFE8-4995-8C0D-ABF9465BFB31}.Release|x86.ActiveCfg = Release|Any CPU
		{84FF1D27-CFE8-4995-8C0D-ABF9465BFB31}.Release|x86.Build.0 = Release|Any CPU
		{94640CB2-BF9F-47DC-B22B-92E49450248B}.Debug|Any CPU.ActiveCfg = Debug|Any CPU
		{94640CB2-BF9F-47DC-B22B-92E49450248B}.Debug|Any CPU.Build.0 = Debug|Any CPU
		{94640CB2-BF9F-47DC-B22B-92E49450248B}.Debug|x64.ActiveCfg = Debug|Any CPU
		{94640CB2-BF9F-47DC-B22B-92E49450248B}.Debug|x64.Build.0 = Debug|Any CPU
		{94640CB2-BF9F-47DC-B22B-92E49450248B}.Debug|x86.ActiveCfg = Debug|Any CPU
		{94640CB2-BF9F-47DC-B22B-92E49450248B}.Debug|x86.Build.0 = Debug|Any CPU
		{94640CB2-BF9F-47DC-B22B-92E49450248B}.Release|Any CPU.ActiveCfg = Release|Any CPU
		{94640CB2-BF9F-47DC-B22B-92E49450248B}.Release|Any CPU.Build.0 = Release|Any CPU
		{94640CB2-BF9F-47DC-B22B-92E49450248B}.Release|x64.ActiveCfg = Release|Any CPU
		{94640CB2-BF9F-47DC-B22B-92E49450248B}.Release|x64.Build.0 = Release|Any CPU
		{94640CB2-BF9F-47DC-B22B-92E49450248B}.Release|x86.ActiveCfg = Release|Any CPU
		{94640CB2-BF9F-47DC-B22B-92E49450248B}.Release|x86.Build.0 = Release|Any CPU
	EndGlobalSection
	GlobalSection(SolutionProperties) = preSolution
		HideSolutionNode = FALSE
	EndGlobalSection
	GlobalSection(NestedProjects) = preSolution
		{7AABDD8E-1C63-4F64-9416-7AA99DFA6ABA} = {827E0CD3-B72D-47B6-A68D-7590B98EB39B}
		{18B3243F-D538-450D-BF07-E86CDCF50C8D} = {827E0CD3-B72D-47B6-A68D-7590B98EB39B}
		{84FF1D27-CFE8-4995-8C0D-ABF9465BFB31} = {0AB3BF05-4346-4AA6-1389-037BE0695223}
		{94640CB2-BF9F-47DC-B22B-92E49450248B} = {827E0CD3-B72D-47B6-A68D-7590B98EB39B}
	EndGlobalSection
EndGlobal
